
Microsoft Visual Studio Solution File, Format Version 12.00
# Visual Studio 15
VisualStudioVersion = 15.0.27428.2011
MinimumVisualStudioVersion = 10.0.40219.1
Project("{9A19103F-16F7-4668-BE54-9A1E7A4F7556}") = "WebImage2Text", "WebImage2Text.csproj", "{3FAAD979-71FF-4209-BF8B-B47A62DEB0FB}"
EndProject
Global
	GlobalSection(SolutionConfigurationPlatforms) = preSolution
		Debug|Any CPU = Debug|Any CPU
		Release|Any CPU = Release|Any CPU
	EndGlobalSection
	GlobalSection(ProjectConfigurationPlatforms) = postSolution
		{3FAAD979-71FF-4209-BF8B-B47A62DEB0FB}.Debug|Any CPU.ActiveCfg = Debug|Any CPU
		{3FAAD979-71FF-4209-BF8B-B47A62DEB0FB}.Debug|Any CPU.Build.0 = Debug|Any CPU
		{3FAAD979-71FF-4209-BF8B-B47A62DEB0FB}.Release|Any CPU.ActiveCfg = Release|Any CPU
		{3FAAD979-71FF-4209-BF8B-B47A62DEB0FB}.Release|Any CPU.Build.0 = Release|Any CPU
	EndGlobalSection
	GlobalSection(SolutionProperties) = preSolution
		HideSolutionNode = FALSE
	EndGlobalSection
	GlobalSection(ExtensibilityGlobals) = postSolution
		SolutionGuid = {5A0F226E-3216-43A8-8B18-5041F7953355}
	EndGlobalSection
EndGlobal
